// !$*UTF8*$!
{
	archiveVersion = 1;
	classes = {
	};
	objectVersion = 56;
	objects = {

/* Begin PBXBuildFile section */
		4609FA9828F71BDC00D4466E /* Theme.swift in Sources */ = {isa = PBXBuildFile; fileRef = 4609FA9728F71BDC00D4466E /* Theme.swift */; };
		4641C2A62911C6BA008B0FD2 /* ViewRouter.swift in Sources */ = {isa = PBXBuildFile; fileRef = 4641C2A52911C6BA008B0FD2 /* ViewRouter.swift */; };
		4641C2A82911C6E8008B0FD2 /* MotherView.swift in Sources */ = {isa = PBXBuildFile; fileRef = 4641C2A72911C6E8008B0FD2 /* MotherView.swift */; };
		4641C2AC2911C797008B0FD2 /* SignInView.swift in Sources */ = {isa = PBXBuildFile; fileRef = 4641C2AB2911C797008B0FD2 /* SignInView.swift */; };
		4641C2AE2911CA8F008B0FD2 /* HomeView.swift in Sources */ = {isa = PBXBuildFile; fileRef = 4641C2AD2911CA8F008B0FD2 /* HomeView.swift */; };
		4652A7CF293AB043007351CF /* SIgnUpView.swift in Sources */ = {isa = PBXBuildFile; fileRef = 4652A7CE293AB043007351CF /* SIgnUpView.swift */; };
		4652A7D1293ABCD7007351CF /* CreateView.swift in Sources */ = {isa = PBXBuildFile; fileRef = 4652A7D0293ABCD7007351CF /* CreateView.swift */; };
		4652A7D3293AC019007351CF /* DropDownView.swift in Sources */ = {isa = PBXBuildFile; fileRef = 4652A7D2293AC019007351CF /* DropDownView.swift */; };
		4652A7D5293AD69A007351CF /* RemindView.swift in Sources */ = {isa = PBXBuildFile; fileRef = 4652A7D4293AD69A007351CF /* RemindView.swift */; };
		4652A7D8293AFDE5007351CF /* CreateWorkout.swift in Sources */ = {isa = PBXBuildFile; fileRef = 4652A7D7293AFDE5007351CF /* CreateWorkout.swift */; };
		4652A7DA293AFF72007351CF /* DropdownItemProtocol.swift in Sources */ = {isa = PBXBuildFile; fileRef = 4652A7D9293AFF72007351CF /* DropdownItemProtocol.swift */; };
		4652A7DD293BF2BD007351CF /* UserService.swift in Sources */ = {isa = PBXBuildFile; fileRef = 4652A7DC293BF2BD007351CF /* UserService.swift */; };
		4652A7E0293C0A0A007351CF /* Workout.swift in Sources */ = {isa = PBXBuildFile; fileRef = 4652A7DF293C0A0A007351CF /* Workout.swift */; };
		4652A7E2293C0E84007351CF /* WorkoutService.swift in Sources */ = {isa = PBXBuildFile; fileRef = 4652A7E1293C0E84007351CF /* WorkoutService.swift */; };
		46630294293C243B00440DCC /* FirebaseFirestore in Frameworks */ = {isa = PBXBuildFile; productRef = 46630293293C243B00440DCC /* FirebaseFirestore */; };
		46630296293C26FF00440DCC /* FirebaseFirestoreSwift in Frameworks */ = {isa = PBXBuildFile; productRef = 46630295293C26FF00440DCC /* FirebaseFirestoreSwift */; };
		46BB8E452909A9BA00D21011 /* GoogleService-Info.plist in Resources */ = {isa = PBXBuildFile; fileRef = 46BB8E442909A9BA00D21011 /* GoogleService-Info.plist */; };
		46BB8E482909AB2300D21011 /* FirebaseAnalytics in Frameworks */ = {isa = PBXBuildFile; productRef = 46BB8E472909AB2300D21011 /* FirebaseAnalytics */; };
		46BB8E4A2909AB2300D21011 /* FirebaseAuth in Frameworks */ = {isa = PBXBuildFile; productRef = 46BB8E492909AB2300D21011 /* FirebaseAuth */; };
		46C362BB28E50BB500062829 /* GymBrosApp.swift in Sources */ = {isa = PBXBuildFile; fileRef = 46C362BA28E50BB500062829 /* GymBrosApp.swift */; };
		46C362BF28E50BB600062829 /* Assets.xcassets in Resources */ = {isa = PBXBuildFile; fileRef = 46C362BE28E50BB600062829 /* Assets.xcassets */; };
		46C362C228E50BB600062829 /* Preview Assets.xcassets in Resources */ = {isa = PBXBuildFile; fileRef = 46C362C128E50BB600062829 /* Preview Assets.xcassets */; };
/* End PBXBuildFile section */

/* Begin PBXFileReference section */
		4609FA9728F71BDC00D4466E /* Theme.swift */ = {isa = PBXFileReference; lastKnownFileType = sourcecode.swift; path = Theme.swift; sourceTree = "<group>"; };
		4641C2A52911C6BA008B0FD2 /* ViewRouter.swift */ = {isa = PBXFileReference; fileEncoding = 4; lastKnownFileType = sourcecode.swift; path = ViewRouter.swift; sourceTree = "<group>"; };
		4641C2A72911C6E8008B0FD2 /* MotherView.swift */ = {isa = PBXFileReference; fileEncoding = 4; lastKnownFileType = sourcecode.swift; path = MotherView.swift; sourceTree = "<group>"; };
		4641C2AB2911C797008B0FD2 /* SignInView.swift */ = {isa = PBXFileReference; lastKnownFileType = sourcecode.swift; path = SignInView.swift; sourceTree = "<group>"; };
		4641C2AD2911CA8F008B0FD2 /* HomeView.swift */ = {isa = PBXFileReference; lastKnownFileType = sourcecode.swift; path = HomeView.swift; sourceTree = "<group>"; };
		4652A7CE293AB043007351CF /* SIgnUpView.swift */ = {isa = PBXFileReference; fileEncoding = 4; lastKnownFileType = sourcecode.swift; path = SIgnUpView.swift; sourceTree = "<group>"; };
		4652A7D0293ABCD7007351CF /* CreateView.swift */ = {isa = PBXFileReference; lastKnownFileType = sourcecode.swift; path = CreateView.swift; sourceTree = "<group>"; };
		4652A7D2293AC019007351CF /* DropDownView.swift */ = {isa = PBXFileReference; lastKnownFileType = sourcecode.swift; path = DropDownView.swift; sourceTree = "<group>"; };
		4652A7D4293AD69A007351CF /* RemindView.swift */ = {isa = PBXFileReference; lastKnownFileType = sourcecode.swift; path = RemindView.swift; sourceTree = "<group>"; };
		4652A7D7293AFDE5007351CF /* CreateWorkout.swift */ = {isa = PBXFileReference; lastKnownFileType = sourcecode.swift; path = CreateWorkout.swift; sourceTree = "<group>"; };
		4652A7D9293AFF72007351CF /* DropdownItemProtocol.swift */ = {isa = PBXFileReference; lastKnownFileType = sourcecode.swift; path = DropdownItemProtocol.swift; sourceTree = "<group>"; };
		4652A7DC293BF2BD007351CF /* UserService.swift */ = {isa = PBXFileReference; lastKnownFileType = sourcecode.swift; path = UserService.swift; sourceTree = "<group>"; };
		4652A7DF293C0A0A007351CF /* Workout.swift */ = {isa = PBXFileReference; lastKnownFileType = sourcecode.swift; path = Workout.swift; sourceTree = "<group>"; };
		4652A7E1293C0E84007351CF /* WorkoutService.swift */ = {isa = PBXFileReference; lastKnownFileType = sourcecode.swift; path = WorkoutService.swift; sourceTree = "<group>"; };
		46630290293C211800440DCC /* GoogleService-Info.plist */ = {isa = PBXFileReference; fileEncoding = 4; lastKnownFileType = text.plist.xml; path = "GoogleService-Info.plist"; sourceTree = "<group>"; };
		46BB8E442909A9BA00D21011 /* GoogleService-Info.plist */ = {isa = PBXFileReference; fileEncoding = 4; lastKnownFileType = text.plist.xml; path = "GoogleService-Info.plist"; sourceTree = "<group>"; };
		46C362B728E50BB500062829 /* GymBros.app */ = {isa = PBXFileReference; explicitFileType = wrapper.application; includeInIndex = 0; path = GymBros.app; sourceTree = BUILT_PRODUCTS_DIR; };
		46C362BA28E50BB500062829 /* GymBrosApp.swift */ = {isa = PBXFileReference; lastKnownFileType = sourcecode.swift; path = GymBrosApp.swift; sourceTree = "<group>"; };
		46C362BE28E50BB600062829 /* Assets.xcassets */ = {isa = PBXFileReference; lastKnownFileType = folder.assetcatalog; path = Assets.xcassets; sourceTree = "<group>"; };
		46C362C128E50BB600062829 /* Preview Assets.xcassets */ = {isa = PBXFileReference; lastKnownFileType = folder.assetcatalog; path = "Preview Assets.xcassets"; sourceTree = "<group>"; };
/* End PBXFileReference section */

/* Begin PBXFrameworksBuildPhase section */
		46C362B428E50BB500062829 /* Frameworks */ = {
			isa = PBXFrameworksBuildPhase;
			buildActionMask = 2147483647;
			files = (
				46BB8E482909AB2300D21011 /* FirebaseAnalytics in Frameworks */,
				46BB8E4A2909AB2300D21011 /* FirebaseAuth in Frameworks */,
				46630294293C243B00440DCC /* FirebaseFirestore in Frameworks */,
				46630296293C26FF00440DCC /* FirebaseFirestoreSwift in Frameworks */,
			);
			runOnlyForDeploymentPostprocessing = 0;
		};
/* End PBXFrameworksBuildPhase section */

/* Begin PBXGroup section */
		4652A7D6293AFDB1007351CF /* ViewModel */ = {
			isa = PBXGroup;
			children = (
				4652A7D7293AFDE5007351CF /* CreateWorkout.swift */,
				4652A7D9293AFF72007351CF /* DropdownItemProtocol.swift */,
			);
			path = ViewModel;
			sourceTree = "<group>";
		};
		4652A7DB293BF2A1007351CF /* Services */ = {
			isa = PBXGroup;
			children = (
				4652A7DC293BF2BD007351CF /* UserService.swift */,
				4652A7E1293C0E84007351CF /* WorkoutService.swift */,
			);
			path = Services;
			sourceTree = "<group>";
		};
		4652A7DE293C098B007351CF /* Models */ = {
			isa = PBXGroup;
			children = (
				4652A7DF293C0A0A007351CF /* Workout.swift */,
			);
			path = Models;
			sourceTree = "<group>";
		};
		46630292293C243B00440DCC /* Frameworks */ = {
			isa = PBXGroup;
			children = (
			);
			name = Frameworks;
			sourceTree = "<group>";
		};
		46C362AE28E50BB500062829 = {
			isa = PBXGroup;
			children = (
				46630290293C211800440DCC /* GoogleService-Info.plist */,
				4652A7DE293C098B007351CF /* Models */,
				4652A7DB293BF2A1007351CF /* Services */,
				4652A7D6293AFDB1007351CF /* ViewModel */,
				4641C2A52911C6BA008B0FD2 /* ViewRouter.swift */,
				46C362B928E50BB500062829 /* GymBros */,
				46C362B828E50BB500062829 /* Products */,
				46630292293C243B00440DCC /* Frameworks */,
			);
			sourceTree = "<group>";
		};
		46C362B828E50BB500062829 /* Products */ = {
			isa = PBXGroup;
			children = (
				46C362B728E50BB500062829 /* GymBros.app */,
			);
			name = Products;
			sourceTree = "<group>";
		};
		46C362B928E50BB500062829 /* GymBros */ = {
			isa = PBXGroup;
			children = (
				4641C2A72911C6E8008B0FD2 /* MotherView.swift */,
				46BB8E442909A9BA00D21011 /* GoogleService-Info.plist */,
				46C362BA28E50BB500062829 /* GymBrosApp.swift */,
				46C362BE28E50BB600062829 /* Assets.xcassets */,
				46C362C028E50BB600062829 /* Preview Content */,
				4609FA9728F71BDC00D4466E /* Theme.swift */,
				4652A7D2293AC019007351CF /* DropDownView.swift */,
				4652A7CE293AB043007351CF /* SIgnUpView.swift */,
				4652A7D0293ABCD7007351CF /* CreateView.swift */,
				4641C2AB2911C797008B0FD2 /* SignInView.swift */,
				4641C2AD2911CA8F008B0FD2 /* HomeView.swift */,
			);
			path = GymBros;
			sourceTree = "<group>";
		};
		46C362C028E50BB600062829 /* Preview Content */ = {
			isa = PBXGroup;
			children = (
				46C362C128E50BB600062829 /* Preview Assets.xcassets */,
				4652A7D4293AD69A007351CF /* RemindView.swift */,
			);
			path = "Preview Content";
			sourceTree = "<group>";
		};
/* End PBXGroup section */

/* Begin PBXNativeTarget section */
		46C362B628E50BB500062829 /* GymBros */ = {
			isa = PBXNativeTarget;
			buildConfigurationList = 46C362C528E50BB600062829 /* Build configuration list for PBXNativeTarget "GymBros" */;
			buildPhases = (
				46C362B328E50BB500062829 /* Sources */,
				46C362B428E50BB500062829 /* Frameworks */,
				46C362B528E50BB500062829 /* Resources */,
			);
			buildRules = (
			);
			dependencies = (
			);
			name = GymBros;
			packageProductDependencies = (
				46BB8E472909AB2300D21011 /* FirebaseAnalytics */,
				46BB8E492909AB2300D21011 /* FirebaseAuth */,
				46630293293C243B00440DCC /* FirebaseFirestore */,
				46630295293C26FF00440DCC /* FirebaseFirestoreSwift */,
			);
			productName = GymBros;
			productReference = 46C362B728E50BB500062829 /* GymBros.app */;
			productType = "com.apple.product-type.application";
		};
/* End PBXNativeTarget section */

/* Begin PBXProject section */
		46C362AF28E50BB500062829 /* Project object */ = {
			isa = PBXProject;
			attributes = {
				BuildIndependentTargetsInParallel = 1;
				LastSwiftUpdateCheck = 1400;
				LastUpgradeCheck = 1400;
				TargetAttributes = {
					46C362B628E50BB500062829 = {
						CreatedOnToolsVersion = 14.0.1;
					};
				};
			};
			buildConfigurationList = 46C362B228E50BB500062829 /* Build configuration list for PBXProject "GymBros" */;
			compatibilityVersion = "Xcode 14.0";
			developmentRegion = en;
			hasScannedForEncodings = 0;
			knownRegions = (
				en,
				Base,
			);
			mainGroup = 46C362AE28E50BB500062829;
			packageReferences = (
				46BB8E462909AB2300D21011 /* XCRemoteSwiftPackageReference "firebase-ios-sdk" */,
			);
			productRefGroup = 46C362B828E50BB500062829 /* Products */;
			projectDirPath = "";
			projectRoot = "";
			targets = (
				46C362B628E50BB500062829 /* GymBros */,
			);
		};
/* End PBXProject section */

/* Begin PBXResourcesBuildPhase section */
		46C362B528E50BB500062829 /* Resources */ = {
			isa = PBXResourcesBuildPhase;
			buildActionMask = 2147483647;
			files = (
				46C362C228E50BB600062829 /* Preview Assets.xcassets in Resources */,
				46C362BF28E50BB600062829 /* Assets.xcassets in Resources */,
				46BB8E452909A9BA00D21011 /* GoogleService-Info.plist in Resources */,
			);
			runOnlyForDeploymentPostprocessing = 0;
		};
/* End PBXResourcesBuildPhase section */

/* Begin PBXSourcesBuildPhase section */
		46C362B328E50BB500062829 /* Sources */ = {
			isa = PBXSourcesBuildPhase;
			buildActionMask = 2147483647;
			files = (
				4652A7E2293C0E84007351CF /* WorkoutService.swift in Sources */,
				4609FA9828F71BDC00D4466E /* Theme.swift in Sources */,
				4641C2AC2911C797008B0FD2 /* SignInView.swift in Sources */,
				4652A7D1293ABCD7007351CF /* CreateView.swift in Sources */,
				4652A7DA293AFF72007351CF /* DropdownItemProtocol.swift in Sources */,
				46C362BB28E50BB500062829 /* GymBrosApp.swift in Sources */,
				4641C2A62911C6BA008B0FD2 /* ViewRouter.swift in Sources */,
				4652A7DD293BF2BD007351CF /* UserService.swift in Sources */,
				4652A7D3293AC019007351CF /* DropDownView.swift in Sources */,
				4652A7CF293AB043007351CF /* SIgnUpView.swift in Sources */,
				4652A7E0293C0A0A007351CF /* Workout.swift in Sources */,
				4641C2A82911C6E8008B0FD2 /* MotherView.swift in Sources */,
				4641C2AE2911CA8F008B0FD2 /* HomeView.swift in Sources */,
				4652A7D8293AFDE5007351CF /* CreateWorkout.swift in Sources */,
				4652A7D5293AD69A007351CF /* RemindView.swift in Sources */,
			);
			runOnlyForDeploymentPostprocessing = 0;
		};
/* End PBXSourcesBuildPhase section */

/* Begin XCBuildConfiguration section */
		46C362C328E50BB600062829 /* Debug */ = {
			isa = XCBuildConfiguration;
			buildSettings = {
				ALWAYS_SEARCH_USER_PATHS = NO;
				CLANG_ANALYZER_NONNULL = YES;
				CLANG_ANALYZER_NUMBER_OBJECT_CONVERSION = YES_AGGRESSIVE;
				CLANG_CXX_LANGUAGE_STANDARD = "gnu++20";
				CLANG_ENABLE_MODULES = YES;
				CLANG_ENABLE_OBJC_ARC = YES;
				CLANG_ENABLE_OBJC_WEAK = YES;
				CLANG_WARN_BLOCK_CAPTURE_AUTORELEASING = YES;
				CLANG_WARN_BOOL_CONVERSION = YES;
				CLANG_WARN_COMMA = YES;
				CLANG_WARN_CONSTANT_CONVERSION = YES;
				CLANG_WARN_DEPRECATED_OBJC_IMPLEMENTATIONS = YES;
				CLANG_WARN_DIRECT_OBJC_ISA_USAGE = YES_ERROR;
				CLANG_WARN_DOCUMENTATION_COMMENTS = YES;
				CLANG_WARN_EMPTY_BODY = YES;
				CLANG_WARN_ENUM_CONVERSION = YES;
				CLANG_WARN_INFINITE_RECURSION = YES;
				CLANG_WARN_INT_CONVERSION = YES;
				CLANG_WARN_NON_LITERAL_NULL_CONVERSION = YES;
				CLANG_WARN_OBJC_IMPLICIT_RETAIN_SELF = YES;
				CLANG_WARN_OBJC_LITERAL_CONVERSION = YES;
				CLANG_WARN_OBJC_ROOT_CLASS = YES_ERROR;
				CLANG_WARN_QUOTED_INCLUDE_IN_FRAMEWORK_HEADER = YES;
				CLANG_WARN_RANGE_LOOP_ANALYSIS = YES;
				CLANG_WARN_STRICT_PROTOTYPES = YES;
				CLANG_WARN_SUSPICIOUS_MOVE = YES;
				CLANG_WARN_UNGUARDED_AVAILABILITY = YES_AGGRESSIVE;
				CLANG_WARN_UNREACHABLE_CODE = YES;
				CLANG_WARN__DUPLICATE_METHOD_MATCH = YES;
				COPY_PHASE_STRIP = NO;
				DEBUG_INFORMATION_FORMAT = dwarf;
				ENABLE_STRICT_OBJC_MSGSEND = YES;
				ENABLE_TESTABILITY = YES;
				GCC_C_LANGUAGE_STANDARD = gnu11;
				GCC_DYNAMIC_NO_PIC = NO;
				GCC_NO_COMMON_BLOCKS = YES;
				GCC_OPTIMIZATION_LEVEL = 0;
				GCC_PREPROCESSOR_DEFINITIONS = (
					"DEBUG=1",
					"$(inherited)",
				);
				GCC_WARN_64_TO_32_BIT_CONVERSION = YES;
				GCC_WARN_ABOUT_RETURN_TYPE = YES_ERROR;
				GCC_WARN_UNDECLARED_SELECTOR = YES;
				GCC_WARN_UNINITIALIZED_AUTOS = YES_AGGRESSIVE;
				GCC_WARN_UNUSED_FUNCTION = YES;
				GCC_WARN_UNUSED_VARIABLE = YES;
				IPHONEOS_DEPLOYMENT_TARGET = 16.0;
				MTL_ENABLE_DEBUG_INFO = INCLUDE_SOURCE;
				MTL_FAST_MATH = YES;
				ONLY_ACTIVE_ARCH = YES;
				SDKROOT = iphoneos;
				SWIFT_ACTIVE_COMPILATION_CONDITIONS = DEBUG;
				SWIFT_OPTIMIZATION_LEVEL = "-Onone";
			};
			name = Debug;
		};
		46C362C428E50BB600062829 /* Release */ = {
			isa = XCBuildConfiguration;
			buildSettings = {
				ALWAYS_SEARCH_USER_PATHS = NO;
				CLANG_ANALYZER_NONNULL = YES;
				CLANG_ANALYZER_NUMBER_OBJECT_CONVERSION = YES_AGGRESSIVE;
				CLANG_CXX_LANGUAGE_STANDARD = "gnu++20";
				CLANG_ENABLE_MODULES = YES;
				CLANG_ENABLE_OBJC_ARC = YES;
				CLANG_ENABLE_OBJC_WEAK = YES;
				CLANG_WARN_BLOCK_CAPTURE_AUTORELEASING = YES;
				CLANG_WARN_BOOL_CONVERSION = YES;
				CLANG_WARN_COMMA = YES;
				CLANG_WARN_CONSTANT_CONVERSION = YES;
				CLANG_WARN_DEPRECATED_OBJC_IMPLEMENTATIONS = YES;
				CLANG_WARN_DIRECT_OBJC_ISA_USAGE = YES_ERROR;
				CLANG_WARN_DOCUMENTATION_COMMENTS = YES;
				CLANG_WARN_EMPTY_BODY = YES;
				CLANG_WARN_ENUM_CONVERSION = YES;
				CLANG_WARN_INFINITE_RECURSION = YES;
				CLANG_WARN_INT_CONVERSION = YES;
				CLANG_WARN_NON_LITERAL_NULL_CONVERSION = YES;
				CLANG_WARN_OBJC_IMPLICIT_RETAIN_SELF = YES;
				CLANG_WARN_OBJC_LITERAL_CONVERSION = YES;
				CLANG_WARN_OBJC_ROOT_CLASS = YES_ERROR;
				CLANG_WARN_QUOTED_INCLUDE_IN_FRAMEWORK_HEADER = YES;
				CLANG_WARN_RANGE_LOOP_ANALYSIS = YES;
				CLANG_WARN_STRICT_PROTOTYPES = YES;
				CLANG_WARN_SUSPICIOUS_MOVE = YES;
				CLANG_WARN_UNGUARDED_AVAILABILITY = YES_AGGRESSIVE;
				CLANG_WARN_UNREACHABLE_CODE = YES;
				CLANG_WARN__DUPLICATE_METHOD_MATCH = YES;
				COPY_PHASE_STRIP = NO;
				DEBUG_INFORMATION_FORMAT = "dwarf-with-dsym";
				ENABLE_NS_ASSERTIONS = NO;
				ENABLE_STRICT_OBJC_MSGSEND = YES;
				GCC_C_LANGUAGE_STANDARD = gnu11;
				GCC_NO_COMMON_BLOCKS = YES;
				GCC_WARN_64_TO_32_BIT_CONVERSION = YES;
				GCC_WARN_ABOUT_RETURN_TYPE = YES_ERROR;
				GCC_WARN_UNDECLARED_SELECTOR = YES;
				GCC_WARN_UNINITIALIZED_AUTOS = YES_AGGRESSIVE;
				GCC_WARN_UNUSED_FUNCTION = YES;
				GCC_WARN_UNUSED_VARIABLE = YES;
				IPHONEOS_DEPLOYMENT_TARGET = 16.0;
				MTL_ENABLE_DEBUG_INFO = NO;
				MTL_FAST_MATH = YES;
				SDKROOT = iphoneos;
				SWIFT_COMPILATION_MODE = wholemodule;
				SWIFT_OPTIMIZATION_LEVEL = "-O";
				VALIDATE_PRODUCT = YES;
			};
			name = Release;
		};
		46C362C628E50BB600062829 /* Debug */ = {
			isa = XCBuildConfiguration;
			buildSettings = {
				ALWAYS_EMBED_SWIFT_STANDARD_LIBRARIES = YES;
				ASSETCATALOG_COMPILER_APPICON_NAME = AppIcon;
				ASSETCATALOG_COMPILER_GLOBAL_ACCENT_COLOR_NAME = AccentColor;
				CODE_SIGN_STYLE = Automatic;
				CURRENT_PROJECT_VERSION = 1;
				DEVELOPMENT_ASSET_PATHS = "\"GymBros/Preview Content\"";
				DEVELOPMENT_TEAM = Y947YV3VGV;
				ENABLE_PREVIEWS = YES;
				GENERATE_INFOPLIST_FILE = YES;
				INFOPLIST_KEY_UIApplicationSceneManifest_Generation = YES;
				INFOPLIST_KEY_UIApplicationSupportsIndirectInputEvents = YES;
				INFOPLIST_KEY_UILaunchScreen_Generation = YES;
				INFOPLIST_KEY_UISupportedInterfaceOrientations_iPad = "UIInterfaceOrientationPortrait UIInterfaceOrientationPortraitUpsideDown UIInterfaceOrientationLandscapeLeft UIInterfaceOrientationLandscapeRight";
				INFOPLIST_KEY_UISupportedInterfaceOrientations_iPhone = "UIInterfaceOrientationPortrait UIInterfaceOrientationLandscapeLeft UIInterfaceOrientationLandscapeRight";
				LD_RUNPATH_SEARCH_PATHS = (
					"$(inherited)",
					"@executable_path/Frameworks",
				);
				MARKETING_VERSION = 1.0;
				PRODUCT_BUNDLE_IDENTIFIER = com.gabetoledocode.GymBros;
				PRODUCT_NAME = "$(TARGET_NAME)";
				SWIFT_EMIT_LOC_STRINGS = YES;
				SWIFT_VERSION = 5.0;
				TARGETED_DEVICE_FAMILY = "1,2";
			};
			name = Debug;
		};
		46C362C728E50BB600062829 /* Release */ = {
			isa = XCBuildConfiguration;
			buildSettings = {
				ALWAYS_EMBED_SWIFT_STANDARD_LIBRARIES = YES;
				ASSETCATALOG_COMPILER_APPICON_NAME = AppIcon;
				ASSETCATALOG_COMPILER_GLOBAL_ACCENT_COLOR_NAME = AccentColor;
				CODE_SIGN_STYLE = Automatic;
				CURRENT_PROJECT_VERSION = 1;
				DEVELOPMENT_ASSET_PATHS = "\"GymBros/Preview Content\"";
				DEVELOPMENT_TEAM = Y947YV3VGV;
				ENABLE_PREVIEWS = YES;
				GENERATE_INFOPLIST_FILE = YES;
				"HEADER_SEARCH_PATHS[arch=*]" = (
					HEADER_SEARCH_PATHS,
					"=",
					"\"${SRCROOT}/Pods/Firebase/CoreOnly/Sources\"",
				);
				INFOPLIST_KEY_UIApplicationSceneManifest_Generation = YES;
				INFOPLIST_KEY_UIApplicationSupportsIndirectInputEvents = YES;
				INFOPLIST_KEY_UILaunchScreen_Generation = YES;
				INFOPLIST_KEY_UISupportedInterfaceOrientations_iPad = "UIInterfaceOrientationPortrait UIInterfaceOrientationPortraitUpsideDown UIInterfaceOrientationLandscapeLeft UIInterfaceOrientationLandscapeRight";
				INFOPLIST_KEY_UISupportedInterfaceOrientations_iPhone = "UIInterfaceOrientationPortrait UIInterfaceOrientationLandscapeLeft UIInterfaceOrientationLandscapeRight";
				LD_RUNPATH_SEARCH_PATHS = (
					"$(inherited)",
					"@executable_path/Frameworks",
				);
				MARKETING_VERSION = 1.0;
				PRODUCT_BUNDLE_IDENTIFIER = com.gabetoledocode.GymBros;
				PRODUCT_NAME = "$(TARGET_NAME)";
				SWIFT_EMIT_LOC_STRINGS = YES;
				SWIFT_VERSION = 5.0;
				TARGETED_DEVICE_FAMILY = "1,2";
			};
			name = Release;
		};
/* End XCBuildConfiguration section */

/* Begin XCConfigurationList section */
		46C362B228E50BB500062829 /* Build configuration list for PBXProject "GymBros" */ = {
			isa = XCConfigurationList;
			buildConfigurations = (
				46C362C328E50BB600062829 /* Debug */,
				46C362C428E50BB600062829 /* Release */,
			);
			defaultConfigurationIsVisible = 0;
			defaultConfigurationName = Release;
		};
		46C362C528E50BB600062829 /* Build configuration list for PBXNativeTarget "GymBros" */ = {
			isa = XCConfigurationList;
			buildConfigurations = (
				46C362C628E50BB600062829 /* Debug */,
				46C362C728E50BB600062829 /* Release */,
			);
			defaultConfigurationIsVisible = 0;
			defaultConfigurationName = Release;
		};
/* End XCConfigurationList section */

/* Begin XCRemoteSwiftPackageReference section */
		46BB8E462909AB2300D21011 /* XCRemoteSwiftPackageReference "firebase-ios-sdk" */ = {
			isa = XCRemoteSwiftPackageReference;
			repositoryURL = "https://github.com/firebase/firebase-ios-sdk";
			requirement = {
				kind = upToNextMajorVersion;
				minimumVersion = 9.0.0;
			};
		};
/* End XCRemoteSwiftPackageReference section */

/* Begin XCSwiftPackageProductDependency section */
		46630293293C243B00440DCC /* FirebaseFirestore */ = {
			isa = XCSwiftPackageProductDependency;
			package = 46BB8E462909AB2300D21011 /* XCRemoteSwiftPackageReference "firebase-ios-sdk" */;
			productName = FirebaseFirestore;
		};
		46630295293C26FF00440DCC /* FirebaseFirestoreSwift */ = {
			isa = XCSwiftPackageProductDependency;
			package = 46BB8E462909AB2300D21011 /* XCRemoteSwiftPackageReference "firebase-ios-sdk" */;
			productName = FirebaseFirestoreSwift;
		};
		46BB8E472909AB2300D21011 /* FirebaseAnalytics */ = {
			isa = XCSwiftPackageProductDependency;
			package = 46BB8E462909AB2300D21011 /* XCRemoteSwiftPackageReference "firebase-ios-sdk" */;
			productName = FirebaseAnalytics;
		};
		46BB8E492909AB2300D21011 /* FirebaseAuth */ = {
			isa = XCSwiftPackageProductDependency;
			package = 46BB8E462909AB2300D21011 /* XCRemoteSwiftPackageReference "firebase-ios-sdk" */;
			productName = FirebaseAuth;
		};
/* End XCSwiftPackageProductDependency section */
	};
	rootObject = 46C362AF28E50BB500062829 /* Project object */;
}
